{
  "requires": true,
  "lockfileVersion": 1,
  "dependencies": {
    "crypto-js": {
      "version": "4.0.0",
      "resolved": "https://registry.npmjs.org/crypto-js/-/crypto-js-4.0.0.tgz",
      "integrity": "sha512-bzHZN8Pn+gS7DQA6n+iUmBfl0hO5DJq++QP3U6uTucDtk/0iGpXd/Gg7CGR0p8tJhofJyaKoWBuJI4eAO00BBg=="
    },
    "crypto.js": {
      "version": "1.3.1",
      "resolved": "https://registry.npmjs.org/crypto.js/-/crypto.js-1.3.1.tgz",
      "integrity": "sha512-UEIfqScVGdAaccue1d4ehk8cZYIGZqizxeJTE3G4kQzu32cljhIOnChjpwQxa6bC8DZwb6ZdTc4XxIMzD6/GBQ=="
    }
  }
}
